
Microsoft Visual Studio Solution File, Format Version 12.00
# Visual Studio Version 16
VisualStudioVersion = 16.0.29025.244
MinimumVisualStudioVersion = 10.0.40219.1
Project("{888888A0-9F3D-457C-B088-3A5042F75D52}") = "E-commerce site", "E-commerce site.pyproj", "{0B0951B6-B790-4147-97A7-39D6600F1107}"
EndProject
Global
	GlobalSection(SolutionConfigurationPlatforms) = preSolution
		Debug|Any CPU = Debug|Any CPU
		Release|Any CPU = Release|Any CPU
	EndGlobalSection
	GlobalSection(ProjectConfigurationPlatforms) = postSolution
		{0B0951B6-B790-4147-97A7-39D6600F1107}.Debug|Any CPU.ActiveCfg = Debug|Any CPU
		{0B0951B6-B790-4147-97A7-39D6600F1107}.Debug|Any CPU.Build.0 = Debug|Any CPU
		{0B0951B6-B790-4147-97A7-39D6600F1107}.Release|Any CPU.ActiveCfg = Release|Any CPU
		{0B0951B6-B790-4147-97A7-39D6600F1107}.Release|Any CPU.Build.0 = Release|Any CPU
	EndGlobalSection
	GlobalSection(SolutionProperties) = preSolution
		HideSolutionNode = FALSE
	EndGlobalSection
	GlobalSection(ExtensibilityGlobals) = postSolution
		SolutionGuid = {FE8744D1-A5F7-4682-AEF9-C45D810A8328}
	EndGlobalSection
EndGlobal
